{
  "name": "FrontEnd",
  "lockfileVersion": 3,
  "requires": true,
  "packages": {
    "": {
      "dependencies": {
        "gojs": "^2.3.14",
        "gojs-angular": "^2.0.7"
      }
    },
    "node_modules/@angular/common": {
      "version": "17.1.3",
      "resolved": "https://registry.npmjs.org/@angular/common/-/common-17.1.3.tgz",
      "integrity": "sha512-AzLzoNSeRSNGBQk0K+iG0XdYG36SDeJqYqE8rfoiWuv1NDFLL05UJM2/fQfaMNg0oX5bHOlHUqHFj3sFR/NVpw==",
      "peer": true,
      "dependencies": {
        "tslib": "^2.3.0"
      },
      "engines": {
        "node": "^18.13.0 || >=20.9.0"
      },
      "peerDependencies": {
        "@angular/core": "17.1.3",
        "rxjs": "^6.5.3 || ^7.4.0"
      }
    },
    "node_modules/@angular/core": {
      "version": "17.1.3",
      "resolved": "https://registry.npmjs.org/@angular/core/-/core-17.1.3.tgz",
      "integrity": "sha512-2lZ4DRHN8KJ/aQads+YXIcx5Ri9yyeFIlw69m5Pn7wAi/+Rakg7IsclgLaWs7aBtWwMHG7LnqFKxAVq7CjXKtA==",
      "peer": true,
      "dependencies": {
        "tslib": "^2.3.0"
      },
      "engines": {
        "node": "^18.13.0 || >=20.9.0"
      },
      "peerDependencies": {
        "rxjs": "^6.5.3 || ^7.4.0",
        "zone.js": "~0.14.0"
      }
    },
    "node_modules/gojs": {
      "version": "2.3.14",
      "resolved": "https://registry.npmjs.org/gojs/-/gojs-2.3.14.tgz",
      "integrity": "sha512-aCDuFz4Igo3lOaBHvo86l//uWttT2yGP2z1CIxcbnYdC/9Uy4/la6tlaflvsoQ3iQVHzPWI7a//3ZHDBn6fKaA=="
    },
    "node_modules/gojs-angular": {
      "version": "2.0.7",
      "resolved": "https://registry.npmjs.org/gojs-angular/-/gojs-angular-2.0.7.tgz",
      "integrity": "sha512-AVX9Q+IFHT/W5WQWLjy+8wSgjYomxZNuumJe0QoDecheCgt3AWSHut0eDc5srfgzLenmiSGAxeXe0S9B5t1GDg==",
      "dependencies": {
        "immer": "^9.0.1",
        "tslib": "^2.0.0"
      },
      "peerDependencies": {
        "@angular/common": ">=11.0.0",
        "@angular/core": ">=11.0.0"
      }
    },
    "node_modules/immer": {
      "version": "9.0.21",
      "resolved": "https://registry.npmjs.org/immer/-/immer-9.0.21.tgz",
      "integrity": "sha512-bc4NBHqOqSfRW7POMkHd51LvClaeMXpm8dx0e8oE2GORbq5aRK7Bxl4FyzVLdGtLmvLKL7BTDBG5ACQm4HWjTA==",
      "funding": {
        "type": "opencollective",
        "url": "https://opencollective.com/immer"
      }
    },
    "node_modules/rxjs": {
      "version": "7.8.1",
      "resolved": "https://registry.npmjs.org/rxjs/-/rxjs-7.8.1.tgz",
      "integrity": "sha512-AA3TVj+0A2iuIoQkWEK/tqFjBq2j+6PO6Y0zJcvzLAFhEFIO3HL0vls9hWLncZbAAbK0mar7oZ4V079I/qPMxg==",
      "peer": true,
      "dependencies": {
        "tslib": "^2.1.0"
      }
    },
    "node_modules/tslib": {
      "version": "2.6.2",
      "resolved": "https://registry.npmjs.org/tslib/-/tslib-2.6.2.tgz",
      "integrity": "sha512-AEYxH93jGFPn/a2iVAwW87VuUIkR1FVUKB77NwMF7nBTDkDrrT/Hpt/IrCJ0QXhW27jTBDcf5ZY7w6RiqTMw2Q=="
    },
    "node_modules/zone.js": {
      "version": "0.14.3",
      "resolved": "https://registry.npmjs.org/zone.js/-/zone.js-0.14.3.tgz",
      "integrity": "sha512-jYoNqF046Q+JfcZSItRSt+oXFcpXL88yq7XAZjb/NKTS7w2hHpKjRJ3VlFD1k75wMaRRXNUt5vrZVlygiMyHbA==",
      "peer": true,
      "dependencies": {
        "tslib": "^2.3.0"
      }
    }
  }
}
